
Microsoft Visual Studio Solution File, Format Version 12.00
# Visual Studio 15
VisualStudioVersion = 15.0.28307.757
MinimumVisualStudioVersion = 10.0.40219.1
Project("{FAE04EC0-301F-11D3-BF4B-00C04F79EFBC}") = "QuickBuy.Dominio", "QuickBuy.Dominio\QuickBuy.Dominio.csproj", "{9E851820-F7C7-44C3-A50C-2B3DD67D98BE}"
EndProject
Project("{FAE04EC0-301F-11D3-BF4B-00C04F79EFBC}") = "QuickBuy.Repositorio", "QuickBuy.Repositorio\QuickBuy.Repositorio.csproj", "{1D997A49-5422-4971-AF0A-5F790A8864E3}"
EndProject
Project("{FAE04EC0-301F-11D3-BF4B-00C04F79EFBC}") = "QuickBuy.Web", "QuickBuy.Web\QuickBuy.Web.csproj", "{81491864-5265-453A-921E-E8D7492E143A}"
EndProject
Global
	GlobalSection(SolutionConfigurationPlatforms) = preSolution
		Debug|Any CPU = Debug|Any CPU
		Release|Any CPU = Release|Any CPU
	EndGlobalSection
	GlobalSection(ProjectConfigurationPlatforms) = postSolution
		{9E851820-F7C7-44C3-A50C-2B3DD67D98BE}.Debug|Any CPU.ActiveCfg = Debug|Any CPU
		{9E851820-F7C7-44C3-A50C-2B3DD67D98BE}.Debug|Any CPU.Build.0 = Debug|Any CPU
		{9E851820-F7C7-44C3-A50C-2B3DD67D98BE}.Release|Any CPU.ActiveCfg = Release|Any CPU
		{9E851820-F7C7-44C3-A50C-2B3DD67D98BE}.Release|Any CPU.Build.0 = Release|Any CPU
		{1D997A49-5422-4971-AF0A-5F790A8864E3}.Debug|Any CPU.ActiveCfg = Debug|Any CPU
		{1D997A49-5422-4971-AF0A-5F790A8864E3}.Debug|Any CPU.Build.0 = Debug|Any CPU
		{1D997A49-5422-4971-AF0A-5F790A8864E3}.Release|Any CPU.ActiveCfg = Release|Any CPU
		{1D997A49-5422-4971-AF0A-5F790A8864E3}.Release|Any CPU.Build.0 = Release|Any CPU
		{81491864-5265-453A-921E-E8D7492E143A}.Debug|Any CPU.ActiveCfg = Debug|Any CPU
		{81491864-5265-453A-921E-E8D7492E143A}.Debug|Any CPU.Build.0 = Debug|Any CPU
		{81491864-5265-453A-921E-E8D7492E143A}.Release|Any CPU.ActiveCfg = Release|Any CPU
		{81491864-5265-453A-921E-E8D7492E143A}.Release|Any CPU.Build.0 = Release|Any CPU
	EndGlobalSection
	GlobalSection(SolutionProperties) = preSolution
		HideSolutionNode = FALSE
	EndGlobalSection
	GlobalSection(ExtensibilityGlobals) = postSolution
		SolutionGuid = {0B00E7B9-CC58-4085-9239-D76D733DCD70}
	EndGlobalSection
EndGlobal
